
Microsoft Visual Studio Solution File, Format Version 12.00
# Visual Studio Version 17
VisualStudioVersion = 17.5.33424.131
MinimumVisualStudioVersion = 10.0.40219.1
Project("{FAE04EC0-301F-11D3-BF4B-00C04F79EFBC}") = "ClassBasic", "ClassBasic\ClassBasic.csproj", "{AEB01DD4-A6A3-447A-B5D5-61FB17F4ED96}"
EndProject
Global
	GlobalSection(SolutionConfigurationPlatforms) = preSolution
		Debug|Any CPU = Debug|Any CPU
		Release|Any CPU = Release|Any CPU
	EndGlobalSection
	GlobalSection(ProjectConfigurationPlatforms) = postSolution
		{AEB01DD4-A6A3-447A-B5D5-61FB17F4ED96}.Debug|Any CPU.ActiveCfg = Debug|Any CPU
		{AEB01DD4-A6A3-447A-B5D5-61FB17F4ED96}.Debug|Any CPU.Build.0 = Debug|Any CPU
		{AEB01DD4-A6A3-447A-B5D5-61FB17F4ED96}.Release|Any CPU.ActiveCfg = Release|Any CPU
		{AEB01DD4-A6A3-447A-B5D5-61FB17F4ED96}.Release|Any CPU.Build.0 = Release|Any CPU
	EndGlobalSection
	GlobalSection(SolutionProperties) = preSolution
		HideSolutionNode = FALSE
	EndGlobalSection
	GlobalSection(ExtensibilityGlobals) = postSolution
		SolutionGuid = {0DE4A768-0970-48AB-9D4F-C8417ECA2CE7}
	EndGlobalSection
EndGlobal
